{
  "name": "beeper-web",
  "version": "0.1.0",
  "lockfileVersion": 3,
  "requires": true,
  "packages": {
    "": {
      "name": "beeper-web",
      "version": "0.1.0",
      "dependencies": {
        "@beeper/desktop-api": "^5.0.0"
      },
      "engines": {
        "node": ">=20"
      }
    },
    "node_modules/@beeper/desktop-api": {
      "version": "5.0.0",
      "resolved": "https://registry.npmjs.org/@beeper/desktop-api/-/desktop-api-5.0.0.tgz",
      "integrity": "sha512-f9GhxQw6E0VMiVJGcdkUPNc6qCypaQlgMgxG6yU2lLy9gzx8xEObYnJbuhmT+HBg2SaQzNB33fC5ZT4OL3GnQw==",
      "license": "MIT"
    }
  }
}